
Microsoft Visual Studio Solution File, Format Version 12.00
# Visual Studio 15
VisualStudioVersion = 15.0.28307.421
MinimumVisualStudioVersion = 10.0.40219.1
Project("{FAE04EC0-301F-11D3-BF4B-00C04F79EFBC}") = "Excercise.Mastermind", "Excercise.Mastermind\Excercise.Mastermind.csproj", "{70BB1448-30B2-4BFD-B615-0EE66DF5723A}"
EndProject
Global
	GlobalSection(SolutionConfigurationPlatforms) = preSolution
		Debug|Any CPU = Debug|Any CPU
		Release|Any CPU = Release|Any CPU
	EndGlobalSection
	GlobalSection(ProjectConfigurationPlatforms) = postSolution
		{70BB1448-30B2-4BFD-B615-0EE66DF5723A}.Debug|Any CPU.ActiveCfg = Debug|Any CPU
		{70BB1448-30B2-4BFD-B615-0EE66DF5723A}.Debug|Any CPU.Build.0 = Debug|Any CPU
		{70BB1448-30B2-4BFD-B615-0EE66DF5723A}.Release|Any CPU.ActiveCfg = Release|Any CPU
		{70BB1448-30B2-4BFD-B615-0EE66DF5723A}.Release|Any CPU.Build.0 = Release|Any CPU
	EndGlobalSection
	GlobalSection(SolutionProperties) = preSolution
		HideSolutionNode = FALSE
	EndGlobalSection
	GlobalSection(ExtensibilityGlobals) = postSolution
		SolutionGuid = {64899678-B79E-42F0-9D33-B1BDFABB0ADB}
	EndGlobalSection
EndGlobal
